// !$*UTF8*$!
{
	archiveVersion = 1;
	classes = {
	};
	objectVersion = 56;
	objects = {

/* Begin PBXBuildFile section */
		FC406E9E2ADAA6CD007EF4B0 /* CatalogViewModel.swift in Sources */ = {isa = PBXBuildFile; fileRef = FC406E9D2ADAA6CD007EF4B0 /* CatalogViewModel.swift */; };
		FC406EA12ADAB4BB007EF4B0 /* ProductDetailView.swift in Sources */ = {isa = PBXBuildFile; fileRef = FC406EA02ADAB4BB007EF4B0 /* ProductDetailView.swift */; };
		FC406EA32ADBDAD2007EF4B0 /* ProductDetailViewModel.swift in Sources */ = {isa = PBXBuildFile; fileRef = FC406EA22ADBDAD2007EF4B0 /* ProductDetailViewModel.swift */; };
		FC406EA52ADD5BEA007EF4B0 /* CartViewModel.swift in Sources */ = {isa = PBXBuildFile; fileRef = FC406EA42ADD5BEA007EF4B0 /* CartViewModel.swift */; };
		FC406EA72ADD5C41007EF4B0 /* Position.swift in Sources */ = {isa = PBXBuildFile; fileRef = FC406EA62ADD5C41007EF4B0 /* Position.swift */; };
		FC406EA92ADD743A007EF4B0 /* PositionCell.swift in Sources */ = {isa = PBXBuildFile; fileRef = FC406EA82ADD743A007EF4B0 /* PositionCell.swift */; };
		FC406EAB2ADED364007EF4B0 /* GoogleService-Info.plist in Resources */ = {isa = PBXBuildFile; fileRef = FC406EAA2ADED364007EF4B0 /* GoogleService-Info.plist */; };
		FC406EAE2ADEDBAD007EF4B0 /* FirebaseAuth in Frameworks */ = {isa = PBXBuildFile; productRef = FC406EAD2ADEDBAD007EF4B0 /* FirebaseAuth */; };
		FC406EB02ADEDBAD007EF4B0 /* FirebaseFirestore in Frameworks */ = {isa = PBXBuildFile; productRef = FC406EAF2ADEDBAD007EF4B0 /* FirebaseFirestore */; };
		FC406EB22ADEDBAD007EF4B0 /* FirebaseStorage in Frameworks */ = {isa = PBXBuildFile; productRef = FC406EB12ADEDBAD007EF4B0 /* FirebaseStorage */; };
		FC406EB42ADEE036007EF4B0 /* AuthServices.swift in Sources */ = {isa = PBXBuildFile; fileRef = FC406EB32ADEE036007EF4B0 /* AuthServices.swift */; };
		FC406EB72ADFF244007EF4B0 /* MainTabBarViewModel.swift in Sources */ = {isa = PBXBuildFile; fileRef = FC406EB62ADFF244007EF4B0 /* MainTabBarViewModel.swift */; };
		FC406EB92ADFF700007EF4B0 /* UserModel.swift in Sources */ = {isa = PBXBuildFile; fileRef = FC406EB82ADFF700007EF4B0 /* UserModel.swift */; };
		FC406EBB2ADFF8D3007EF4B0 /* DatabaseService.swift in Sources */ = {isa = PBXBuildFile; fileRef = FC406EBA2ADFF8D3007EF4B0 /* DatabaseService.swift */; };
		FC406EBD2AE02C07007EF4B0 /* ProfileViewModel.swift in Sources */ = {isa = PBXBuildFile; fileRef = FC406EBC2AE02C07007EF4B0 /* ProfileViewModel.swift */; };
		FC406EBF2AE0F070007EF4B0 /* Order.swift in Sources */ = {isa = PBXBuildFile; fileRef = FC406EBE2AE0F070007EF4B0 /* Order.swift */; };
		FC4AE51A2ADA693E00CAF2EF /* MainTabBar.swift in Sources */ = {isa = PBXBuildFile; fileRef = FC4AE5192ADA693E00CAF2EF /* MainTabBar.swift */; };
		FC4AE51C2ADA6C9900CAF2EF /* CatalogView.swift in Sources */ = {isa = PBXBuildFile; fileRef = FC4AE51B2ADA6C9900CAF2EF /* CatalogView.swift */; };
		FC4AE51F2ADA6D0A00CAF2EF /* CartView.swift in Sources */ = {isa = PBXBuildFile; fileRef = FC4AE51E2ADA6D0A00CAF2EF /* CartView.swift */; };
		FC4AE5212ADA6D2C00CAF2EF /* ProfileView.swift in Sources */ = {isa = PBXBuildFile; fileRef = FC4AE5202ADA6D2C00CAF2EF /* ProfileView.swift */; };
		FC4AE5242ADA7BF800CAF2EF /* Product.swift in Sources */ = {isa = PBXBuildFile; fileRef = FC4AE5232ADA7BF800CAF2EF /* Product.swift */; };
		FC4AE5262ADA8D1900CAF2EF /* ProductCell.swift in Sources */ = {isa = PBXBuildFile; fileRef = FC4AE5252ADA8D1900CAF2EF /* ProductCell.swift */; };
		FC728EC62AD98B460004DBE3 /* PizzaShopApp.swift in Sources */ = {isa = PBXBuildFile; fileRef = FC728EC52AD98B460004DBE3 /* PizzaShopApp.swift */; };
		FC728EC82AD98B460004DBE3 /* AuthView.swift in Sources */ = {isa = PBXBuildFile; fileRef = FC728EC72AD98B460004DBE3 /* AuthView.swift */; };
		FC728ECA2AD98B490004DBE3 /* Assets.xcassets in Resources */ = {isa = PBXBuildFile; fileRef = FC728EC92AD98B490004DBE3 /* Assets.xcassets */; };
		FC728ECD2AD98B490004DBE3 /* Preview Assets.xcassets in Resources */ = {isa = PBXBuildFile; fileRef = FC728ECC2AD98B490004DBE3 /* Preview Assets.xcassets */; };
/* End PBXBuildFile section */

/* Begin PBXFileReference section */
		FC406E9D2ADAA6CD007EF4B0 /* CatalogViewModel.swift */ = {isa = PBXFileReference; lastKnownFileType = sourcecode.swift; path = CatalogViewModel.swift; sourceTree = "<group>"; };
		FC406EA02ADAB4BB007EF4B0 /* ProductDetailView.swift */ = {isa = PBXFileReference; lastKnownFileType = sourcecode.swift; path = ProductDetailView.swift; sourceTree = "<group>"; };
		FC406EA22ADBDAD2007EF4B0 /* ProductDetailViewModel.swift */ = {isa = PBXFileReference; lastKnownFileType = sourcecode.swift; path = ProductDetailViewModel.swift; sourceTree = "<group>"; };
		FC406EA42ADD5BEA007EF4B0 /* CartViewModel.swift */ = {isa = PBXFileReference; lastKnownFileType = sourcecode.swift; path = CartViewModel.swift; sourceTree = "<group>"; };
		FC406EA62ADD5C41007EF4B0 /* Position.swift */ = {isa = PBXFileReference; lastKnownFileType = sourcecode.swift; path = Position.swift; sourceTree = "<group>"; };
		FC406EA82ADD743A007EF4B0 /* PositionCell.swift */ = {isa = PBXFileReference; lastKnownFileType = sourcecode.swift; path = PositionCell.swift; sourceTree = "<group>"; };
		FC406EAA2ADED364007EF4B0 /* GoogleService-Info.plist */ = {isa = PBXFileReference; fileEncoding = 4; lastKnownFileType = text.plist.xml; path = "GoogleService-Info.plist"; sourceTree = "<group>"; };
		FC406EB32ADEE036007EF4B0 /* AuthServices.swift */ = {isa = PBXFileReference; lastKnownFileType = sourcecode.swift; path = AuthServices.swift; sourceTree = "<group>"; };
		FC406EB62ADFF244007EF4B0 /* MainTabBarViewModel.swift */ = {isa = PBXFileReference; lastKnownFileType = sourcecode.swift; path = MainTabBarViewModel.swift; sourceTree = "<group>"; };
		FC406EB82ADFF700007EF4B0 /* UserModel.swift */ = {isa = PBXFileReference; lastKnownFileType = sourcecode.swift; path = UserModel.swift; sourceTree = "<group>"; };
		FC406EBA2ADFF8D3007EF4B0 /* DatabaseService.swift */ = {isa = PBXFileReference; lastKnownFileType = sourcecode.swift; path = DatabaseService.swift; sourceTree = "<group>"; };
		FC406EBC2AE02C07007EF4B0 /* ProfileViewModel.swift */ = {isa = PBXFileReference; lastKnownFileType = sourcecode.swift; path = ProfileViewModel.swift; sourceTree = "<group>"; };
		FC406EBE2AE0F070007EF4B0 /* Order.swift */ = {isa = PBXFileReference; lastKnownFileType = sourcecode.swift; path = Order.swift; sourceTree = "<group>"; };
		FC4AE5192ADA693E00CAF2EF /* MainTabBar.swift */ = {isa = PBXFileReference; lastKnownFileType = sourcecode.swift; path = MainTabBar.swift; sourceTree = "<group>"; };
		FC4AE51B2ADA6C9900CAF2EF /* CatalogView.swift */ = {isa = PBXFileReference; lastKnownFileType = sourcecode.swift; path = CatalogView.swift; sourceTree = "<group>"; };
		FC4AE51E2ADA6D0A00CAF2EF /* CartView.swift */ = {isa = PBXFileReference; lastKnownFileType = sourcecode.swift; path = CartView.swift; sourceTree = "<group>"; };
		FC4AE5202ADA6D2C00CAF2EF /* ProfileView.swift */ = {isa = PBXFileReference; lastKnownFileType = sourcecode.swift; path = ProfileView.swift; sourceTree = "<group>"; };
		FC4AE5232ADA7BF800CAF2EF /* Product.swift */ = {isa = PBXFileReference; lastKnownFileType = sourcecode.swift; path = Product.swift; sourceTree = "<group>"; };
		FC4AE5252ADA8D1900CAF2EF /* ProductCell.swift */ = {isa = PBXFileReference; lastKnownFileType = sourcecode.swift; path = ProductCell.swift; sourceTree = "<group>"; };
		FC728EC22AD98B460004DBE3 /* PizzaShop.app */ = {isa = PBXFileReference; explicitFileType = wrapper.application; includeInIndex = 0; path = PizzaShop.app; sourceTree = BUILT_PRODUCTS_DIR; };
		FC728EC52AD98B460004DBE3 /* PizzaShopApp.swift */ = {isa = PBXFileReference; lastKnownFileType = sourcecode.swift; path = PizzaShopApp.swift; sourceTree = "<group>"; };
		FC728EC72AD98B460004DBE3 /* AuthView.swift */ = {isa = PBXFileReference; lastKnownFileType = sourcecode.swift; path = AuthView.swift; sourceTree = "<group>"; };
		FC728EC92AD98B490004DBE3 /* Assets.xcassets */ = {isa = PBXFileReference; lastKnownFileType = folder.assetcatalog; path = Assets.xcassets; sourceTree = "<group>"; };
		FC728ECC2AD98B490004DBE3 /* Preview Assets.xcassets */ = {isa = PBXFileReference; lastKnownFileType = folder.assetcatalog; path = "Preview Assets.xcassets"; sourceTree = "<group>"; };
/* End PBXFileReference section */

/* Begin PBXFrameworksBuildPhase section */
		FC728EBF2AD98B460004DBE3 /* Frameworks */ = {
			isa = PBXFrameworksBuildPhase;
			buildActionMask = 2147483647;
			files = (
				FC406EAE2ADEDBAD007EF4B0 /* FirebaseAuth in Frameworks */,
				FC406EB02ADEDBAD007EF4B0 /* FirebaseFirestore in Frameworks */,
				FC406EB22ADEDBAD007EF4B0 /* FirebaseStorage in Frameworks */,
			);
			runOnlyForDeploymentPostprocessing = 0;
		};
/* End PBXFrameworksBuildPhase section */

/* Begin PBXGroup section */
		FC406E9C2ADAA6BB007EF4B0 /* Model */ = {
			isa = PBXGroup;
			children = (
				FC4AE5232ADA7BF800CAF2EF /* Product.swift */,
				FC406EA62ADD5C41007EF4B0 /* Position.swift */,
				FC406EB82ADFF700007EF4B0 /* UserModel.swift */,
				FC406EBE2AE0F070007EF4B0 /* Order.swift */,
			);
			path = Model;
			sourceTree = "<group>";
		};
		FC406E9F2ADAA6F3007EF4B0 /* ViewModel */ = {
			isa = PBXGroup;
			children = (
				FC406E9D2ADAA6CD007EF4B0 /* CatalogViewModel.swift */,
				FC406EA22ADBDAD2007EF4B0 /* ProductDetailViewModel.swift */,
				FC406EA42ADD5BEA007EF4B0 /* CartViewModel.swift */,
				FC406EB62ADFF244007EF4B0 /* MainTabBarViewModel.swift */,
				FC406EBC2AE02C07007EF4B0 /* ProfileViewModel.swift */,
			);
			path = ViewModel;
			sourceTree = "<group>";
		};
		FC406EB52ADEE03A007EF4B0 /* Services */ = {
			isa = PBXGroup;
			children = (
				FC406EB32ADEE036007EF4B0 /* AuthServices.swift */,
				FC406EBA2ADFF8D3007EF4B0 /* DatabaseService.swift */,
			);
			path = Services;
			sourceTree = "<group>";
		};
		FC4AE51D2ADA6CAA00CAF2EF /* Components */ = {
			isa = PBXGroup;
			children = (
				FC4AE5252ADA8D1900CAF2EF /* ProductCell.swift */,
				FC406EA82ADD743A007EF4B0 /* PositionCell.swift */,
			);
			path = Components;
			sourceTree = "<group>";
		};
		FC4AE5222ADA7B5E00CAF2EF /* View */ = {
			isa = PBXGroup;
			children = (
				FC728EC72AD98B460004DBE3 /* AuthView.swift */,
				FC4AE5192ADA693E00CAF2EF /* MainTabBar.swift */,
				FC4AE51B2ADA6C9900CAF2EF /* CatalogView.swift */,
				FC406EA02ADAB4BB007EF4B0 /* ProductDetailView.swift */,
				FC4AE51E2ADA6D0A00CAF2EF /* CartView.swift */,
				FC4AE5202ADA6D2C00CAF2EF /* ProfileView.swift */,
				FC4AE51D2ADA6CAA00CAF2EF /* Components */,
			);
			path = View;
			sourceTree = "<group>";
		};
		FC728EB92AD98B460004DBE3 = {
			isa = PBXGroup;
			children = (
				FC728EC42AD98B460004DBE3 /* PizzaShop */,
				FC728EC32AD98B460004DBE3 /* Products */,
			);
			sourceTree = "<group>";
		};
		FC728EC32AD98B460004DBE3 /* Products */ = {
			isa = PBXGroup;
			children = (
				FC728EC22AD98B460004DBE3 /* PizzaShop.app */,
			);
			name = Products;
			sourceTree = "<group>";
		};
		FC728EC42AD98B460004DBE3 /* PizzaShop */ = {
			isa = PBXGroup;
			children = (
				FC728EC52AD98B460004DBE3 /* PizzaShopApp.swift */,
				FC406EB52ADEE03A007EF4B0 /* Services */,
				FC406E9C2ADAA6BB007EF4B0 /* Model */,
				FC406E9F2ADAA6F3007EF4B0 /* ViewModel */,
				FC4AE5222ADA7B5E00CAF2EF /* View */,
				FC728EC92AD98B490004DBE3 /* Assets.xcassets */,
				FC406EAA2ADED364007EF4B0 /* GoogleService-Info.plist */,
				FC728ECB2AD98B490004DBE3 /* Preview Content */,
			);
			path = PizzaShop;
			sourceTree = "<group>";
		};
		FC728ECB2AD98B490004DBE3 /* Preview Content */ = {
			isa = PBXGroup;
			children = (
				FC728ECC2AD98B490004DBE3 /* Preview Assets.xcassets */,
			);
			path = "Preview Content";
			sourceTree = "<group>";
		};
/* End PBXGroup section */

/* Begin PBXNativeTarget section */
		FC728EC12AD98B460004DBE3 /* PizzaShop */ = {
			isa = PBXNativeTarget;
			buildConfigurationList = FC728ED02AD98B490004DBE3 /* Build configuration list for PBXNativeTarget "PizzaShop" */;
			buildPhases = (
				FC728EBE2AD98B460004DBE3 /* Sources */,
				FC728EBF2AD98B460004DBE3 /* Frameworks */,
				FC728EC02AD98B460004DBE3 /* Resources */,
			);
			buildRules = (
			);
			dependencies = (
			);
			name = PizzaShop;
			packageProductDependencies = (
				FC406EAD2ADEDBAD007EF4B0 /* FirebaseAuth */,
				FC406EAF2ADEDBAD007EF4B0 /* FirebaseFirestore */,
				FC406EB12ADEDBAD007EF4B0 /* FirebaseStorage */,
			);
			productName = PizzaShop;
			productReference = FC728EC22AD98B460004DBE3 /* PizzaShop.app */;
			productType = "com.apple.product-type.application";
		};
/* End PBXNativeTarget section */

/* Begin PBXProject section */
		FC728EBA2AD98B460004DBE3 /* Project object */ = {
			isa = PBXProject;
			attributes = {
				BuildIndependentTargetsInParallel = 1;
				LastSwiftUpdateCheck = 1420;
				LastUpgradeCheck = 1420;
				TargetAttributes = {
					FC728EC12AD98B460004DBE3 = {
						CreatedOnToolsVersion = 14.2;
					};
				};
			};
			buildConfigurationList = FC728EBD2AD98B460004DBE3 /* Build configuration list for PBXProject "PizzaShop" */;
			compatibilityVersion = "Xcode 14.0";
			developmentRegion = en;
			hasScannedForEncodings = 0;
			knownRegions = (
				en,
				Base,
			);
			mainGroup = FC728EB92AD98B460004DBE3;
			packageReferences = (
				FC406EAC2ADEDBAD007EF4B0 /* XCRemoteSwiftPackageReference "firebase-ios-sdk" */,
			);
			productRefGroup = FC728EC32AD98B460004DBE3 /* Products */;
			projectDirPath = "";
			projectRoot = "";
			targets = (
				FC728EC12AD98B460004DBE3 /* PizzaShop */,
			);
		};
/* End PBXProject section */

/* Begin PBXResourcesBuildPhase section */
		FC728EC02AD98B460004DBE3 /* Resources */ = {
			isa = PBXResourcesBuildPhase;
			buildActionMask = 2147483647;
			files = (
				FC728ECD2AD98B490004DBE3 /* Preview Assets.xcassets in Resources */,
				FC728ECA2AD98B490004DBE3 /* Assets.xcassets in Resources */,
				FC406EAB2ADED364007EF4B0 /* GoogleService-Info.plist in Resources */,
			);
			runOnlyForDeploymentPostprocessing = 0;
		};
/* End PBXResourcesBuildPhase section */

/* Begin PBXSourcesBuildPhase section */
		FC728EBE2AD98B460004DBE3 /* Sources */ = {
			isa = PBXSourcesBuildPhase;
			buildActionMask = 2147483647;
			files = (
				FC406EBB2ADFF8D3007EF4B0 /* DatabaseService.swift in Sources */,
				FC406EBD2AE02C07007EF4B0 /* ProfileViewModel.swift in Sources */,
				FC406EBF2AE0F070007EF4B0 /* Order.swift in Sources */,
				FC406EB42ADEE036007EF4B0 /* AuthServices.swift in Sources */,
				FC406EB72ADFF244007EF4B0 /* MainTabBarViewModel.swift in Sources */,
				FC406EA52ADD5BEA007EF4B0 /* CartViewModel.swift in Sources */,
				FC4AE51F2ADA6D0A00CAF2EF /* CartView.swift in Sources */,
				FC406EA12ADAB4BB007EF4B0 /* ProductDetailView.swift in Sources */,
				FC4AE51A2ADA693E00CAF2EF /* MainTabBar.swift in Sources */,
				FC728EC82AD98B460004DBE3 /* AuthView.swift in Sources */,
				FC4AE51C2ADA6C9900CAF2EF /* CatalogView.swift in Sources */,
				FC406EB92ADFF700007EF4B0 /* UserModel.swift in Sources */,
				FC406EA92ADD743A007EF4B0 /* PositionCell.swift in Sources */,
				FC406EA32ADBDAD2007EF4B0 /* ProductDetailViewModel.swift in Sources */,
				FC406EA72ADD5C41007EF4B0 /* Position.swift in Sources */,
				FC4AE5212ADA6D2C00CAF2EF /* ProfileView.swift in Sources */,
				FC4AE5262ADA8D1900CAF2EF /* ProductCell.swift in Sources */,
				FC728EC62AD98B460004DBE3 /* PizzaShopApp.swift in Sources */,
				FC4AE5242ADA7BF800CAF2EF /* Product.swift in Sources */,
				FC406E9E2ADAA6CD007EF4B0 /* CatalogViewModel.swift in Sources */,
			);
			runOnlyForDeploymentPostprocessing = 0;
		};
/* End PBXSourcesBuildPhase section */

/* Begin XCBuildConfiguration section */
		FC728ECE2AD98B490004DBE3 /* Debug */ = {
			isa = XCBuildConfiguration;
			buildSettings = {
				ALWAYS_SEARCH_USER_PATHS = NO;
				CLANG_ANALYZER_NONNULL = YES;
				CLANG_ANALYZER_NUMBER_OBJECT_CONVERSION = YES_AGGRESSIVE;
				CLANG_CXX_LANGUAGE_STANDARD = "gnu++20";
				CLANG_ENABLE_MODULES = YES;
				CLANG_ENABLE_OBJC_ARC = YES;
				CLANG_ENABLE_OBJC_WEAK = YES;
				CLANG_WARN_BLOCK_CAPTURE_AUTORELEASING = YES;
				CLANG_WARN_BOOL_CONVERSION = YES;
				CLANG_WARN_COMMA = YES;
				CLANG_WARN_CONSTANT_CONVERSION = YES;
				CLANG_WARN_DEPRECATED_OBJC_IMPLEMENTATIONS = YES;
				CLANG_WARN_DIRECT_OBJC_ISA_USAGE = YES_ERROR;
				CLANG_WARN_DOCUMENTATION_COMMENTS = YES;
				CLANG_WARN_EMPTY_BODY = YES;
				CLANG_WARN_ENUM_CONVERSION = YES;
				CLANG_WARN_INFINITE_RECURSION = YES;
				CLANG_WARN_INT_CONVERSION = YES;
				CLANG_WARN_NON_LITERAL_NULL_CONVERSION = YES;
				CLANG_WARN_OBJC_IMPLICIT_RETAIN_SELF = YES;
				CLANG_WARN_OBJC_LITERAL_CONVERSION = YES;
				CLANG_WARN_OBJC_ROOT_CLASS = YES_ERROR;
				CLANG_WARN_QUOTED_INCLUDE_IN_FRAMEWORK_HEADER = YES;
				CLANG_WARN_RANGE_LOOP_ANALYSIS = YES;
				CLANG_WARN_STRICT_PROTOTYPES = YES;
				CLANG_WARN_SUSPICIOUS_MOVE = YES;
				CLANG_WARN_UNGUARDED_AVAILABILITY = YES_AGGRESSIVE;
				CLANG_WARN_UNREACHABLE_CODE = YES;
				CLANG_WARN__DUPLICATE_METHOD_MATCH = YES;
				COPY_PHASE_STRIP = NO;
				DEBUG_INFORMATION_FORMAT = dwarf;
				ENABLE_STRICT_OBJC_MSGSEND = YES;
				ENABLE_TESTABILITY = YES;
				GCC_C_LANGUAGE_STANDARD = gnu11;
				GCC_DYNAMIC_NO_PIC = NO;
				GCC_NO_COMMON_BLOCKS = YES;
				GCC_OPTIMIZATION_LEVEL = 0;
				GCC_PREPROCESSOR_DEFINITIONS = (
					"DEBUG=1",
					"$(inherited)",
				);
				GCC_WARN_64_TO_32_BIT_CONVERSION = YES;
				GCC_WARN_ABOUT_RETURN_TYPE = YES_ERROR;
				GCC_WARN_UNDECLARED_SELECTOR = YES;
				GCC_WARN_UNINITIALIZED_AUTOS = YES_AGGRESSIVE;
				GCC_WARN_UNUSED_FUNCTION = YES;
				GCC_WARN_UNUSED_VARIABLE = YES;
				IPHONEOS_DEPLOYMENT_TARGET = 16.2;
				MTL_ENABLE_DEBUG_INFO = INCLUDE_SOURCE;
				MTL_FAST_MATH = YES;
				ONLY_ACTIVE_ARCH = YES;
				SDKROOT = iphoneos;
				SWIFT_ACTIVE_COMPILATION_CONDITIONS = DEBUG;
				SWIFT_OPTIMIZATION_LEVEL = "-Onone";
			};
			name = Debug;
		};
		FC728ECF2AD98B490004DBE3 /* Release */ = {
			isa = XCBuildConfiguration;
			buildSettings = {
				ALWAYS_SEARCH_USER_PATHS = NO;
				CLANG_ANALYZER_NONNULL = YES;
				CLANG_ANALYZER_NUMBER_OBJECT_CONVERSION = YES_AGGRESSIVE;
				CLANG_CXX_LANGUAGE_STANDARD = "gnu++20";
				CLANG_ENABLE_MODULES = YES;
				CLANG_ENABLE_OBJC_ARC = YES;
				CLANG_ENABLE_OBJC_WEAK = YES;
				CLANG_WARN_BLOCK_CAPTURE_AUTORELEASING = YES;
				CLANG_WARN_BOOL_CONVERSION = YES;
				CLANG_WARN_COMMA = YES;
				CLANG_WARN_CONSTANT_CONVERSION = YES;
				CLANG_WARN_DEPRECATED_OBJC_IMPLEMENTATIONS = YES;
				CLANG_WARN_DIRECT_OBJC_ISA_USAGE = YES_ERROR;
				CLANG_WARN_DOCUMENTATION_COMMENTS = YES;
				CLANG_WARN_EMPTY_BODY = YES;
				CLANG_WARN_ENUM_CONVERSION = YES;
				CLANG_WARN_INFINITE_RECURSION = YES;
				CLANG_WARN_INT_CONVERSION = YES;
				CLANG_WARN_NON_LITERAL_NULL_CONVERSION = YES;
				CLANG_WARN_OBJC_IMPLICIT_RETAIN_SELF = YES;
				CLANG_WARN_OBJC_LITERAL_CONVERSION = YES;
				CLANG_WARN_OBJC_ROOT_CLASS = YES_ERROR;
				CLANG_WARN_QUOTED_INCLUDE_IN_FRAMEWORK_HEADER = YES;
				CLANG_WARN_RANGE_LOOP_ANALYSIS = YES;
				CLANG_WARN_STRICT_PROTOTYPES = YES;
				CLANG_WARN_SUSPICIOUS_MOVE = YES;
				CLANG_WARN_UNGUARDED_AVAILABILITY = YES_AGGRESSIVE;
				CLANG_WARN_UNREACHABLE_CODE = YES;
				CLANG_WARN__DUPLICATE_METHOD_MATCH = YES;
				COPY_PHASE_STRIP = NO;
				DEBUG_INFORMATION_FORMAT = "dwarf-with-dsym";
				ENABLE_NS_ASSERTIONS = NO;
				ENABLE_STRICT_OBJC_MSGSEND = YES;
				GCC_C_LANGUAGE_STANDARD = gnu11;
				GCC_NO_COMMON_BLOCKS = YES;
				GCC_WARN_64_TO_32_BIT_CONVERSION = YES;
				GCC_WARN_ABOUT_RETURN_TYPE = YES_ERROR;
				GCC_WARN_UNDECLARED_SELECTOR = YES;
				GCC_WARN_UNINITIALIZED_AUTOS = YES_AGGRESSIVE;
				GCC_WARN_UNUSED_FUNCTION = YES;
				GCC_WARN_UNUSED_VARIABLE = YES;
				IPHONEOS_DEPLOYMENT_TARGET = 16.2;
				MTL_ENABLE_DEBUG_INFO = NO;
				MTL_FAST_MATH = YES;
				SDKROOT = iphoneos;
				SWIFT_COMPILATION_MODE = wholemodule;
				SWIFT_OPTIMIZATION_LEVEL = "-O";
				VALIDATE_PRODUCT = YES;
			};
			name = Release;
		};
		FC728ED12AD98B490004DBE3 /* Debug */ = {
			isa = XCBuildConfiguration;
			buildSettings = {
				ASSETCATALOG_COMPILER_APPICON_NAME = AppIcon;
				ASSETCATALOG_COMPILER_GLOBAL_ACCENT_COLOR_NAME = AccentColor;
				CODE_SIGN_STYLE = Automatic;
				CURRENT_PROJECT_VERSION = 1;
				DEVELOPMENT_ASSET_PATHS = "\"PizzaShop/Preview Content\"";
				DEVELOPMENT_TEAM = 527U829H6E;
				ENABLE_PREVIEWS = YES;
				GENERATE_INFOPLIST_FILE = YES;
				INFOPLIST_KEY_UIApplicationSceneManifest_Generation = YES;
				INFOPLIST_KEY_UIApplicationSupportsIndirectInputEvents = YES;
				INFOPLIST_KEY_UILaunchScreen_Generation = YES;
				INFOPLIST_KEY_UISupportedInterfaceOrientations_iPad = "UIInterfaceOrientationPortrait UIInterfaceOrientationPortraitUpsideDown UIInterfaceOrientationLandscapeLeft UIInterfaceOrientationLandscapeRight";
				INFOPLIST_KEY_UISupportedInterfaceOrientations_iPhone = "UIInterfaceOrientationPortrait UIInterfaceOrientationLandscapeLeft UIInterfaceOrientationLandscapeRight";
				LD_RUNPATH_SEARCH_PATHS = (
					"$(inherited)",
					"@executable_path/Frameworks",
				);
				MARKETING_VERSION = 1.0;
				PRODUCT_BUNDLE_IDENTIFIER = AlexKolch.PizzaShop;
				PRODUCT_NAME = "$(TARGET_NAME)";
				SUPPORTED_PLATFORMS = "iphoneos iphonesimulator";
				SUPPORTS_MACCATALYST = NO;
				SUPPORTS_MAC_DESIGNED_FOR_IPHONE_IPAD = NO;
				SWIFT_EMIT_LOC_STRINGS = YES;
				SWIFT_VERSION = 5.0;
				TARGETED_DEVICE_FAMILY = "1,2";
			};
			name = Debug;
		};
		FC728ED22AD98B490004DBE3 /* Release */ = {
			isa = XCBuildConfiguration;
			buildSettings = {
				ASSETCATALOG_COMPILER_APPICON_NAME = AppIcon;
				ASSETCATALOG_COMPILER_GLOBAL_ACCENT_COLOR_NAME = AccentColor;
				CODE_SIGN_STYLE = Automatic;
				CURRENT_PROJECT_VERSION = 1;
				DEVELOPMENT_ASSET_PATHS = "\"PizzaShop/Preview Content\"";
				DEVELOPMENT_TEAM = 527U829H6E;
				ENABLE_PREVIEWS = YES;
				GENERATE_INFOPLIST_FILE = YES;
				INFOPLIST_KEY_UIApplicationSceneManifest_Generation = YES;
				INFOPLIST_KEY_UIApplicationSupportsIndirectInputEvents = YES;
				INFOPLIST_KEY_UILaunchScreen_Generation = YES;
				INFOPLIST_KEY_UISupportedInterfaceOrientations_iPad = "UIInterfaceOrientationPortrait UIInterfaceOrientationPortraitUpsideDown UIInterfaceOrientationLandscapeLeft UIInterfaceOrientationLandscapeRight";
				INFOPLIST_KEY_UISupportedInterfaceOrientations_iPhone = "UIInterfaceOrientationPortrait UIInterfaceOrientationLandscapeLeft UIInterfaceOrientationLandscapeRight";
				LD_RUNPATH_SEARCH_PATHS = (
					"$(inherited)",
					"@executable_path/Frameworks",
				);
				MARKETING_VERSION = 1.0;
				PRODUCT_BUNDLE_IDENTIFIER = AlexKolch.PizzaShop;
				PRODUCT_NAME = "$(TARGET_NAME)";
				SUPPORTED_PLATFORMS = "iphoneos iphonesimulator";
				SUPPORTS_MACCATALYST = NO;
				SUPPORTS_MAC_DESIGNED_FOR_IPHONE_IPAD = NO;
				SWIFT_EMIT_LOC_STRINGS = YES;
				SWIFT_VERSION = 5.0;
				TARGETED_DEVICE_FAMILY = "1,2";
			};
			name = Release;
		};
/* End XCBuildConfiguration section */

/* Begin XCConfigurationList section */
		FC728EBD2AD98B460004DBE3 /* Build configuration list for PBXProject "PizzaShop" */ = {
			isa = XCConfigurationList;
			buildConfigurations = (
				FC728ECE2AD98B490004DBE3 /* Debug */,
				FC728ECF2AD98B490004DBE3 /* Release */,
			);
			defaultConfigurationIsVisible = 0;
			defaultConfigurationName = Release;
		};
		FC728ED02AD98B490004DBE3 /* Build configuration list for PBXNativeTarget "PizzaShop" */ = {
			isa = XCConfigurationList;
			buildConfigurations = (
				FC728ED12AD98B490004DBE3 /* Debug */,
				FC728ED22AD98B490004DBE3 /* Release */,
			);
			defaultConfigurationIsVisible = 0;
			defaultConfigurationName = Release;
		};
/* End XCConfigurationList section */

/* Begin XCRemoteSwiftPackageReference section */
		FC406EAC2ADEDBAD007EF4B0 /* XCRemoteSwiftPackageReference "firebase-ios-sdk" */ = {
			isa = XCRemoteSwiftPackageReference;
			repositoryURL = "https://github.com/firebase/firebase-ios-sdk";
			requirement = {
				branch = master;
				kind = branch;
			};
		};
/* End XCRemoteSwiftPackageReference section */

/* Begin XCSwiftPackageProductDependency section */
		FC406EAD2ADEDBAD007EF4B0 /* FirebaseAuth */ = {
			isa = XCSwiftPackageProductDependency;
			package = FC406EAC2ADEDBAD007EF4B0 /* XCRemoteSwiftPackageReference "firebase-ios-sdk" */;
			productName = FirebaseAuth;
		};
		FC406EAF2ADEDBAD007EF4B0 /* FirebaseFirestore */ = {
			isa = XCSwiftPackageProductDependency;
			package = FC406EAC2ADEDBAD007EF4B0 /* XCRemoteSwiftPackageReference "firebase-ios-sdk" */;
			productName = FirebaseFirestore;
		};
		FC406EB12ADEDBAD007EF4B0 /* FirebaseStorage */ = {
			isa = XCSwiftPackageProductDependency;
			package = FC406EAC2ADEDBAD007EF4B0 /* XCRemoteSwiftPackageReference "firebase-ios-sdk" */;
			productName = FirebaseStorage;
		};
/* End XCSwiftPackageProductDependency section */
	};
	rootObject = FC728EBA2AD98B460004DBE3 /* Project object */;
}
